
Microsoft Visual Studio Solution File, Format Version 12.00
# Visual Studio Version 17
VisualStudioVersion = 17.4.33122.133
MinimumVisualStudioVersion = 10.0.40219.1
Project("{9A19103F-16F7-4668-BE54-9A1E7A4F7556}") = "steno", "steno\steno.csproj", "{249465FF-24A2-4B89-99F0-3480619CA1EA}"
EndProject
Project("{9A19103F-16F7-4668-BE54-9A1E7A4F7556}") = "StenoSolver", "StenoSolver\StenoSolver.csproj", "{8AADE747-2B4D-43A8-A07D-5499C2879AC6}"
EndProject
Project("{FAE04EC0-301F-11D3-BF4B-00C04F79EFBC}") = "StenoSolverSite", "StenoSolverSite\StenoSolverSite.csproj", "{BBFBC9E8-F0C3-47F9-A22F-AA4E10430F4D}"
EndProject
Global
	GlobalSection(SolutionConfigurationPlatforms) = preSolution
		Debug|Any CPU = Debug|Any CPU
		Release|Any CPU = Release|Any CPU
	EndGlobalSection
	GlobalSection(ProjectConfigurationPlatforms) = postSolution
		{249465FF-24A2-4B89-99F0-3480619CA1EA}.Debug|Any CPU.ActiveCfg = Debug|Any CPU
		{249465FF-24A2-4B89-99F0-3480619CA1EA}.Debug|Any CPU.Build.0 = Debug|Any CPU
		{249465FF-24A2-4B89-99F0-3480619CA1EA}.Release|Any CPU.ActiveCfg = Release|Any CPU
		{249465FF-24A2-4B89-99F0-3480619CA1EA}.Release|Any CPU.Build.0 = Release|Any CPU
		{8AADE747-2B4D-43A8-A07D-5499C2879AC6}.Debug|Any CPU.ActiveCfg = Debug|Any CPU
		{8AADE747-2B4D-43A8-A07D-5499C2879AC6}.Debug|Any CPU.Build.0 = Debug|Any CPU
		{8AADE747-2B4D-43A8-A07D-5499C2879AC6}.Release|Any CPU.ActiveCfg = Release|Any CPU
		{8AADE747-2B4D-43A8-A07D-5499C2879AC6}.Release|Any CPU.Build.0 = Release|Any CPU
		{BBFBC9E8-F0C3-47F9-A22F-AA4E10430F4D}.Debug|Any CPU.ActiveCfg = Debug|Any CPU
		{BBFBC9E8-F0C3-47F9-A22F-AA4E10430F4D}.Debug|Any CPU.Build.0 = Debug|Any CPU
		{BBFBC9E8-F0C3-47F9-A22F-AA4E10430F4D}.Release|Any CPU.ActiveCfg = Release|Any CPU
		{BBFBC9E8-F0C3-47F9-A22F-AA4E10430F4D}.Release|Any CPU.Build.0 = Release|Any CPU
	EndGlobalSection
	GlobalSection(SolutionProperties) = preSolution
		HideSolutionNode = FALSE
	EndGlobalSection
	GlobalSection(ExtensibilityGlobals) = postSolution
		SolutionGuid = {72F3C738-E325-4925-A87E-5DD29AB36017}
	EndGlobalSection
EndGlobal
